
Microsoft Visual Studio Solution File, Format Version 12.00
# Visual Studio Version 16
VisualStudioVersion = 16.0.29609.76
MinimumVisualStudioVersion = 10.0.40219.1
Project("{FAE04EC0-301F-11D3-BF4B-00C04F79EFBC}") = "Example", "Example.csproj", "{6EA074EA-B6B7-427B-B4CF-6CA0B10D6257}"
EndProject
Global
	GlobalSection(SolutionConfigurationPlatforms) = preSolution
		Debug|Any CPU = Debug|Any CPU
		Release|Any CPU = Release|Any CPU
	EndGlobalSection
	GlobalSection(ProjectConfigurationPlatforms) = postSolution
		{6EA074EA-B6B7-427B-B4CF-6CA0B10D6257}.Debug|Any CPU.ActiveCfg = Debug|Any CPU
		{6EA074EA-B6B7-427B-B4CF-6CA0B10D6257}.Debug|Any CPU.Build.0 = Debug|Any CPU
		{6EA074EA-B6B7-427B-B4CF-6CA0B10D6257}.Release|Any CPU.ActiveCfg = Release|Any CPU
		{6EA074EA-B6B7-427B-B4CF-6CA0B10D6257}.Release|Any CPU.Build.0 = Release|Any CPU
	EndGlobalSection
	GlobalSection(SolutionProperties) = preSolution
		HideSolutionNode = FALSE
	EndGlobalSection
	GlobalSection(ExtensibilityGlobals) = postSolution
		SolutionGuid = {D5A50924-643F-43D5-A24F-1FD037D15E0D}
	EndGlobalSection
EndGlobal
